{
	"name": "scoreview-converter",
	"version": "1.0.0",
	"lockfileVersion": 3,
	"requires": true,
	"packages": {
		"": {
			"name": "scoreview-converter",
			"version": "1.0.0",
			"license": "AGPL-3.0-or-later",
			"dependencies": {
				"@librescore/fonts": "^0.4.1",
				"webmscore4": "https://github.com/AndiMb/webmscore/releases/download/v4.7.4-scoreview.7/webmscore4-4.7.4.tgz"
			},
			"engines": {
				"node": ">=18"
			}
		},
		"node_modules/@librescore/fonts": {
			"version": "0.4.1",
			"resolved": "https://registry.npmjs.org/@librescore/fonts/-/fonts-0.4.1.tgz",
			"integrity": "sha512-S4Ico0Tmkk5YXPL58mw71LMYtls8WfNRF0KM1l8ZO+tx2iN0jXv2YF2iqKBVgU26L2/ihWIjIc+uHl7Ve9K38w==",
			"license": "OFL-1.1"
		},
		"node_modules/webmscore4": {
			"version": "4.7.4",
			"resolved": "https://github.com/AndiMb/webmscore/releases/download/v4.7.4-scoreview.7/webmscore4-4.7.4.tgz",
			"integrity": "sha512-bsZhuV5oeQ63fF41tA0z7Gy9ZE4qzsjAz6XAw5CxJcQCPLN+MC/vGcTa23C/pJne/oA2TbqLzB+nO2fK79AD4Q==",
			"license": "GPL",
			"engines": {
				"node": ">=18"
			}
		}
	}
}
