{
	"name": "scoreview-converter",
	"version": "1.0.0",
	"lockfileVersion": 3,
	"requires": true,
	"packages": {
		"": {
			"name": "scoreview-converter",
			"version": "1.0.0",
			"license": "AGPL-3.0-or-later",
			"dependencies": {
				"@librescore/fonts": "^0.4.1",
				"scoreview-engine": "https://github.com/AndiMb/scoreview-engine/releases/download/v4.7.4-engine.5/scoreview-engine-4.7.4.tgz"
			},
			"engines": {
				"node": ">=18"
			}
		},
		"node_modules/@librescore/fonts": {
			"version": "0.4.1",
			"resolved": "https://registry.npmjs.org/@librescore/fonts/-/fonts-0.4.1.tgz",
			"integrity": "sha512-S4Ico0Tmkk5YXPL58mw71LMYtls8WfNRF0KM1l8ZO+tx2iN0jXv2YF2iqKBVgU26L2/ihWIjIc+uHl7Ve9K38w==",
			"license": "OFL-1.1"
		},
		"node_modules/scoreview-engine": {
			"version": "4.7.4",
			"resolved": "https://github.com/AndiMb/scoreview-engine/releases/download/v4.7.4-engine.5/scoreview-engine-4.7.4.tgz",
			"integrity": "sha512-yTH1jcbB6XmcVHZuUAG9wp9YQxn5Yg/sWYjCLUs98biWhA4hWRefnsBsXsOdv+5UDR3lEtvsPfGLW1Ly827iLQ==",
			"license": "GPL-3.0-only",
			"engines": {
				"node": ">=18"
			}
		}
	}
}
